
Microsoft Visual Studio Solution File, Format Version 12.00
# Visual Studio 15
VisualStudioVersion = 15.0.27004.2005
MinimumVisualStudioVersion = 10.0.40219.1
Project("{FAE04EC0-301F-11D3-BF4B-00C04F79EFBC}") = "CodeChallenge", "CodeChallenge\CodeChallenge.csproj", "{59D3269A-D415-4E9C-9251-DD3559DF1B03}"
EndProject
Project("{151D2E53-A2C4-4D7D-83FE-D05416EBD58E}") = "CodeChallengeresourceGroup", "CodeChallengeresourceGroup\CodeChallengeresourceGroup.deployproj", "{829C1E01-8E3A-4A5C-9532-53850A77D641}"
EndProject
Global
	GlobalSection(SolutionConfigurationPlatforms) = preSolution
		Debug|Any CPU = Debug|Any CPU
		Release|Any CPU = Release|Any CPU
	EndGlobalSection
	GlobalSection(ProjectConfigurationPlatforms) = postSolution
		{59D3269A-D415-4E9C-9251-DD3559DF1B03}.Debug|Any CPU.ActiveCfg = Debug|Any CPU
		{59D3269A-D415-4E9C-9251-DD3559DF1B03}.Debug|Any CPU.Build.0 = Debug|Any CPU
		{59D3269A-D415-4E9C-9251-DD3559DF1B03}.Release|Any CPU.ActiveCfg = Release|Any CPU
		{59D3269A-D415-4E9C-9251-DD3559DF1B03}.Release|Any CPU.Build.0 = Release|Any CPU
		{829C1E01-8E3A-4A5C-9532-53850A77D641}.Debug|Any CPU.ActiveCfg = Debug|Any CPU
		{829C1E01-8E3A-4A5C-9532-53850A77D641}.Debug|Any CPU.Build.0 = Debug|Any CPU
		{829C1E01-8E3A-4A5C-9532-53850A77D641}.Release|Any CPU.ActiveCfg = Release|Any CPU
		{829C1E01-8E3A-4A5C-9532-53850A77D641}.Release|Any CPU.Build.0 = Release|Any CPU
	EndGlobalSection
	GlobalSection(SolutionProperties) = preSolution
		HideSolutionNode = FALSE
	EndGlobalSection
	GlobalSection(ExtensibilityGlobals) = postSolution
		SolutionGuid = {6C24F61D-31CC-4FD8-B29E-1549CD332FCA}
	EndGlobalSection
EndGlobal
